// !$*UTF8*$!
{
	archiveVersion = 1;
	classes = {
	};
	objectVersion = 50;
	objects = {

/* Begin PBXBuildFile section */
		1B40431A25C6BD1400466829 /* Youtube_CloneApp.swift in Sources */ = {isa = PBXBuildFile; fileRef = 1B40431925C6BD1400466829 /* Youtube_CloneApp.swift */; };
		1B40431C25C6BD1400466829 /* ContentView.swift in Sources */ = {isa = PBXBuildFile; fileRef = 1B40431B25C6BD1400466829 /* ContentView.swift */; };
		1B40431E25C6BD1600466829 /* Assets.xcassets in Resources */ = {isa = PBXBuildFile; fileRef = 1B40431D25C6BD1600466829 /* Assets.xcassets */; };
		1B40432125C6BD1600466829 /* Preview Assets.xcassets in Resources */ = {isa = PBXBuildFile; fileRef = 1B40432025C6BD1600466829 /* Preview Assets.xcassets */; };
		1B40432C25C6BD1600466829 /* Youtube_CloneTests.swift in Sources */ = {isa = PBXBuildFile; fileRef = 1B40432B25C6BD1600466829 /* Youtube_CloneTests.swift */; };
		1B40433725C6BD1600466829 /* Youtube_CloneUITests.swift in Sources */ = {isa = PBXBuildFile; fileRef = 1B40433625C6BD1600466829 /* Youtube_CloneUITests.swift */; };
		1B40434825C6BD3000466829 /* YoutubeHomeView.swift in Sources */ = {isa = PBXBuildFile; fileRef = 1B40434725C6BD3000466829 /* YoutubeHomeView.swift */; };
		1B40434D25C6BD7C00466829 /* YoutubeExploreView.swift in Sources */ = {isa = PBXBuildFile; fileRef = 1B40434C25C6BD7C00466829 /* YoutubeExploreView.swift */; };
		1B40435225C6BD8500466829 /* YoutubeSubscriptionView.swift in Sources */ = {isa = PBXBuildFile; fileRef = 1B40435125C6BD8500466829 /* YoutubeSubscriptionView.swift */; };
		1B40435725C6BD9000466829 /* YoutubeLibraryView.swift in Sources */ = {isa = PBXBuildFile; fileRef = 1B40435625C6BD9000466829 /* YoutubeLibraryView.swift */; };
/* End PBXBuildFile section */

/* Begin PBXContainerItemProxy section */
		1B40432825C6BD1600466829 /* PBXContainerItemProxy */ = {
			isa = PBXContainerItemProxy;
			containerPortal = 1B40430E25C6BD1300466829 /* Project object */;
			proxyType = 1;
			remoteGlobalIDString = 1B40431525C6BD1400466829;
			remoteInfo = "Youtube Clone";
		};
		1B40433325C6BD1600466829 /* PBXContainerItemProxy */ = {
			isa = PBXContainerItemProxy;
			containerPortal = 1B40430E25C6BD1300466829 /* Project object */;
			proxyType = 1;
			remoteGlobalIDString = 1B40431525C6BD1400466829;
			remoteInfo = "Youtube Clone";
		};
/* End PBXContainerItemProxy section */

/* Begin PBXFileReference section */
		1B40431625C6BD1400466829 /* Youtube Clone.app */ = {isa = PBXFileReference; explicitFileType = wrapper.application; includeInIndex = 0; path = "Youtube Clone.app"; sourceTree = BUILT_PRODUCTS_DIR; };
		1B40431925C6BD1400466829 /* Youtube_CloneApp.swift */ = {isa = PBXFileReference; lastKnownFileType = sourcecode.swift; path = Youtube_CloneApp.swift; sourceTree = "<group>"; };
		1B40431B25C6BD1400466829 /* ContentView.swift */ = {isa = PBXFileReference; lastKnownFileType = sourcecode.swift; path = ContentView.swift; sourceTree = "<group>"; };
		1B40431D25C6BD1600466829 /* Assets.xcassets */ = {isa = PBXFileReference; lastKnownFileType = folder.assetcatalog; path = Assets.xcassets; sourceTree = "<group>"; };
		1B40432025C6BD1600466829 /* Preview Assets.xcassets */ = {isa = PBXFileReference; lastKnownFileType = folder.assetcatalog; path = "Preview Assets.xcassets"; sourceTree = "<group>"; };
		1B40432225C6BD1600466829 /* Info.plist */ = {isa = PBXFileReference; lastKnownFileType = text.plist.xml; path = Info.plist; sourceTree = "<group>"; };
		1B40432725C6BD1600466829 /* Youtube CloneTests.xctest */ = {isa = PBXFileReference; explicitFileType = wrapper.cfbundle; includeInIndex = 0; path = "Youtube CloneTests.xctest"; sourceTree = BUILT_PRODUCTS_DIR; };
		1B40432B25C6BD1600466829 /* Youtube_CloneTests.swift */ = {isa = PBXFileReference; lastKnownFileType = sourcecode.swift; path = Youtube_CloneTests.swift; sourceTree = "<group>"; };
		1B40432D25C6BD1600466829 /* Info.plist */ = {isa = PBXFileReference; lastKnownFileType = text.plist.xml; path = Info.plist; sourceTree = "<group>"; };
		1B40433225C6BD1600466829 /* Youtube CloneUITests.xctest */ = {isa = PBXFileReference; explicitFileType = wrapper.cfbundle; includeInIndex = 0; path = "Youtube CloneUITests.xctest"; sourceTree = BUILT_PRODUCTS_DIR; };
		1B40433625C6BD1600466829 /* Youtube_CloneUITests.swift */ = {isa = PBXFileReference; lastKnownFileType = sourcecode.swift; path = Youtube_CloneUITests.swift; sourceTree = "<group>"; };
		1B40433825C6BD1600466829 /* Info.plist */ = {isa = PBXFileReference; lastKnownFileType = text.plist.xml; path = Info.plist; sourceTree = "<group>"; };
		1B40434725C6BD3000466829 /* YoutubeHomeView.swift */ = {isa = PBXFileReference; lastKnownFileType = sourcecode.swift; path = YoutubeHomeView.swift; sourceTree = "<group>"; };
		1B40434C25C6BD7C00466829 /* YoutubeExploreView.swift */ = {isa = PBXFileReference; lastKnownFileType = sourcecode.swift; path = YoutubeExploreView.swift; sourceTree = "<group>"; };
		1B40435125C6BD8500466829 /* YoutubeSubscriptionView.swift */ = {isa = PBXFileReference; lastKnownFileType = sourcecode.swift; path = YoutubeSubscriptionView.swift; sourceTree = "<group>"; };
		1B40435625C6BD9000466829 /* YoutubeLibraryView.swift */ = {isa = PBXFileReference; lastKnownFileType = sourcecode.swift; path = YoutubeLibraryView.swift; sourceTree = "<group>"; };
/* End PBXFileReference section */

/* Begin PBXFrameworksBuildPhase section */
		1B40431325C6BD1400466829 /* Frameworks */ = {
			isa = PBXFrameworksBuildPhase;
			buildActionMask = 2147483647;
			files = (
			);
			runOnlyForDeploymentPostprocessing = 0;
		};
		1B40432425C6BD1600466829 /* Frameworks */ = {
			isa = PBXFrameworksBuildPhase;
			buildActionMask = 2147483647;
			files = (
			);
			runOnlyForDeploymentPostprocessing = 0;
		};
		1B40432F25C6BD1600466829 /* Frameworks */ = {
			isa = PBXFrameworksBuildPhase;
			buildActionMask = 2147483647;
			files = (
			);
			runOnlyForDeploymentPostprocessing = 0;
		};
/* End PBXFrameworksBuildPhase section */

/* Begin PBXGroup section */
		1B40430D25C6BD1300466829 = {
			isa = PBXGroup;
			children = (
				1B40431825C6BD1400466829 /* Youtube Clone */,
				1B40432A25C6BD1600466829 /* Youtube CloneTests */,
				1B40433525C6BD1600466829 /* Youtube CloneUITests */,
				1B40431725C6BD1400466829 /* Products */,
			);
			sourceTree = "<group>";
		};
		1B40431725C6BD1400466829 /* Products */ = {
			isa = PBXGroup;
			children = (
				1B40431625C6BD1400466829 /* Youtube Clone.app */,
				1B40432725C6BD1600466829 /* Youtube CloneTests.xctest */,
				1B40433225C6BD1600466829 /* Youtube CloneUITests.xctest */,
			);
			name = Products;
			sourceTree = "<group>";
		};
		1B40431825C6BD1400466829 /* Youtube Clone */ = {
			isa = PBXGroup;
			children = (
				1B40431925C6BD1400466829 /* Youtube_CloneApp.swift */,
				1B40431B25C6BD1400466829 /* ContentView.swift */,
				1B40431D25C6BD1600466829 /* Assets.xcassets */,
				1B40432225C6BD1600466829 /* Info.plist */,
				1B40431F25C6BD1600466829 /* Preview Content */,
				1B40434725C6BD3000466829 /* YoutubeHomeView.swift */,
				1B40434C25C6BD7C00466829 /* YoutubeExploreView.swift */,
				1B40435125C6BD8500466829 /* YoutubeSubscriptionView.swift */,
				1B40435625C6BD9000466829 /* YoutubeLibraryView.swift */,
			);
			path = "Youtube Clone";
			sourceTree = "<group>";
		};
		1B40431F25C6BD1600466829 /* Preview Content */ = {
			isa = PBXGroup;
			children = (
				1B40432025C6BD1600466829 /* Preview Assets.xcassets */,
			);
			path = "Preview Content";
			sourceTree = "<group>";
		};
		1B40432A25C6BD1600466829 /* Youtube CloneTests */ = {
			isa = PBXGroup;
			children = (
				1B40432B25C6BD1600466829 /* Youtube_CloneTests.swift */,
				1B40432D25C6BD1600466829 /* Info.plist */,
			);
			path = "Youtube CloneTests";
			sourceTree = "<group>";
		};
		1B40433525C6BD1600466829 /* Youtube CloneUITests */ = {
			isa = PBXGroup;
			children = (
				1B40433625C6BD1600466829 /* Youtube_CloneUITests.swift */,
				1B40433825C6BD1600466829 /* Info.plist */,
			);
			path = "Youtube CloneUITests";
			sourceTree = "<group>";
		};
/* End PBXGroup section */

/* Begin PBXNativeTarget section */
		1B40431525C6BD1400466829 /* Youtube Clone */ = {
			isa = PBXNativeTarget;
			buildConfigurationList = 1B40433B25C6BD1600466829 /* Build configuration list for PBXNativeTarget "Youtube Clone" */;
			buildPhases = (
				1B40431225C6BD1400466829 /* Sources */,
				1B40431325C6BD1400466829 /* Frameworks */,
				1B40431425C6BD1400466829 /* Resources */,
			);
			buildRules = (
			);
			dependencies = (
			);
			name = "Youtube Clone";
			productName = "Youtube Clone";
			productReference = 1B40431625C6BD1400466829 /* Youtube Clone.app */;
			productType = "com.apple.product-type.application";
		};
		1B40432625C6BD1600466829 /* Youtube CloneTests */ = {
			isa = PBXNativeTarget;
			buildConfigurationList = 1B40433E25C6BD1600466829 /* Build configuration list for PBXNativeTarget "Youtube CloneTests" */;
			buildPhases = (
				1B40432325C6BD1600466829 /* Sources */,
				1B40432425C6BD1600466829 /* Frameworks */,
				1B40432525C6BD1600466829 /* Resources */,
			);
			buildRules = (
			);
			dependencies = (
				1B40432925C6BD1600466829 /* PBXTargetDependency */,
			);
			name = "Youtube CloneTests";
			productName = "Youtube CloneTests";
			productReference = 1B40432725C6BD1600466829 /* Youtube CloneTests.xctest */;
			productType = "com.apple.product-type.bundle.unit-test";
		};
		1B40433125C6BD1600466829 /* Youtube CloneUITests */ = {
			isa = PBXNativeTarget;
			buildConfigurationList = 1B40434125C6BD1600466829 /* Build configuration list for PBXNativeTarget "Youtube CloneUITests" */;
			buildPhases = (
				1B40432E25C6BD1600466829 /* Sources */,
				1B40432F25C6BD1600466829 /* Frameworks */,
				1B40433025C6BD1600466829 /* Resources */,
			);
			buildRules = (
			);
			dependencies = (
				1B40433425C6BD1600466829 /* PBXTargetDependency */,
			);
			name = "Youtube CloneUITests";
			productName = "Youtube CloneUITests";
			productReference = 1B40433225C6BD1600466829 /* Youtube CloneUITests.xctest */;
			productType = "com.apple.product-type.bundle.ui-testing";
		};
/* End PBXNativeTarget section */

/* Begin PBXProject section */
		1B40430E25C6BD1300466829 /* Project object */ = {
			isa = PBXProject;
			attributes = {
				LastSwiftUpdateCheck = 1230;
				LastUpgradeCheck = 1230;
				TargetAttributes = {
					1B40431525C6BD1400466829 = {
						CreatedOnToolsVersion = 12.3;
					};
					1B40432625C6BD1600466829 = {
						CreatedOnToolsVersion = 12.3;
						TestTargetID = 1B40431525C6BD1400466829;
					};
					1B40433125C6BD1600466829 = {
						CreatedOnToolsVersion = 12.3;
						TestTargetID = 1B40431525C6BD1400466829;
					};
				};
			};
			buildConfigurationList = 1B40431125C6BD1300466829 /* Build configuration list for PBXProject "Youtube Clone" */;
			compatibilityVersion = "Xcode 9.3";
			developmentRegion = en;
			hasScannedForEncodings = 0;
			knownRegions = (
				en,
				Base,
			);
			mainGroup = 1B40430D25C6BD1300466829;
			productRefGroup = 1B40431725C6BD1400466829 /* Products */;
			projectDirPath = "";
			projectRoot = "";
			targets = (
				1B40431525C6BD1400466829 /* Youtube Clone */,
				1B40432625C6BD1600466829 /* Youtube CloneTests */,
				1B40433125C6BD1600466829 /* Youtube CloneUITests */,
			);
		};
/* End PBXProject section */

/* Begin PBXResourcesBuildPhase section */
		1B40431425C6BD1400466829 /* Resources */ = {
			isa = PBXResourcesBuildPhase;
			buildActionMask = 2147483647;
			files = (
				1B40432125C6BD1600466829 /* Preview Assets.xcassets in Resources */,
				1B40431E25C6BD1600466829 /* Assets.xcassets in Resources */,
			);
			runOnlyForDeploymentPostprocessing = 0;
		};
		1B40432525C6BD1600466829 /* Resources */ = {
			isa = PBXResourcesBuildPhase;
			buildActionMask = 2147483647;
			files = (
			);
			runOnlyForDeploymentPostprocessing = 0;
		};
		1B40433025C6BD1600466829 /* Resources */ = {
			isa = PBXResourcesBuildPhase;
			buildActionMask = 2147483647;
			files = (
			);
			runOnlyForDeploymentPostprocessing = 0;
		};
/* End PBXResourcesBuildPhase section */

/* Begin PBXSourcesBuildPhase section */
		1B40431225C6BD1400466829 /* Sources */ = {
			isa = PBXSourcesBuildPhase;
			buildActionMask = 2147483647;
			files = (
				1B40431C25C6BD1400466829 /* ContentView.swift in Sources */,
				1B40431A25C6BD1400466829 /* Youtube_CloneApp.swift in Sources */,
				1B40434D25C6BD7C00466829 /* YoutubeExploreView.swift in Sources */,
				1B40435225C6BD8500466829 /* YoutubeSubscriptionView.swift in Sources */,
				1B40435725C6BD9000466829 /* YoutubeLibraryView.swift in Sources */,
				1B40434825C6BD3000466829 /* YoutubeHomeView.swift in Sources */,
			);
			runOnlyForDeploymentPostprocessing = 0;
		};
		1B40432325C6BD1600466829 /* Sources */ = {
			isa = PBXSourcesBuildPhase;
			buildActionMask = 2147483647;
			files = (
				1B40432C25C6BD1600466829 /* Youtube_CloneTests.swift in Sources */,
			);
			runOnlyForDeploymentPostprocessing = 0;
		};
		1B40432E25C6BD1600466829 /* Sources */ = {
			isa = PBXSourcesBuildPhase;
			buildActionMask = 2147483647;
			files = (
				1B40433725C6BD1600466829 /* Youtube_CloneUITests.swift in Sources */,
			);
			runOnlyForDeploymentPostprocessing = 0;
		};
/* End PBXSourcesBuildPhase section */

/* Begin PBXTargetDependency section */
		1B40432925C6BD1600466829 /* PBXTargetDependency */ = {
			isa = PBXTargetDependency;
			target = 1B40431525C6BD1400466829 /* Youtube Clone */;
			targetProxy = 1B40432825C6BD1600466829 /* PBXContainerItemProxy */;
		};
		1B40433425C6BD1600466829 /* PBXTargetDependency */ = {
			isa = PBXTargetDependency;
			target = 1B40431525C6BD1400466829 /* Youtube Clone */;
			targetProxy = 1B40433325C6BD1600466829 /* PBXContainerItemProxy */;
		};
/* End PBXTargetDependency section */

/* Begin XCBuildConfiguration section */
		1B40433925C6BD1600466829 /* Debug */ = {
			isa = XCBuildConfiguration;
			buildSettings = {
				ALWAYS_SEARCH_USER_PATHS = NO;
				CLANG_ANALYZER_NONNULL = YES;
				CLANG_ANALYZER_NUMBER_OBJECT_CONVERSION = YES_AGGRESSIVE;
				CLANG_CXX_LANGUAGE_STANDARD = "gnu++14";
				CLANG_CXX_LIBRARY = "libc++";
				CLANG_ENABLE_MODULES = YES;
				CLANG_ENABLE_OBJC_ARC = YES;
				CLANG_ENABLE_OBJC_WEAK = YES;
				CLANG_WARN_BLOCK_CAPTURE_AUTORELEASING = YES;
				CLANG_WARN_BOOL_CONVERSION = YES;
				CLANG_WARN_COMMA = YES;
				CLANG_WARN_CONSTANT_CONVERSION = YES;
				CLANG_WARN_DEPRECATED_OBJC_IMPLEMENTATIONS = YES;
				CLANG_WARN_DIRECT_OBJC_ISA_USAGE = YES_ERROR;
				CLANG_WARN_DOCUMENTATION_COMMENTS = YES;
				CLANG_WARN_EMPTY_BODY = YES;
				CLANG_WARN_ENUM_CONVERSION = YES;
				CLANG_WARN_INFINITE_RECURSION = YES;
				CLANG_WARN_INT_CONVERSION = YES;
				CLANG_WARN_NON_LITERAL_NULL_CONVERSION = YES;
				CLANG_WARN_OBJC_IMPLICIT_RETAIN_SELF = YES;
				CLANG_WARN_OBJC_LITERAL_CONVERSION = YES;
				CLANG_WARN_OBJC_ROOT_CLASS = YES_ERROR;
				CLANG_WARN_QUOTED_INCLUDE_IN_FRAMEWORK_HEADER = YES;
				CLANG_WARN_RANGE_LOOP_ANALYSIS = YES;
				CLANG_WARN_STRICT_PROTOTYPES = YES;
				CLANG_WARN_SUSPICIOUS_MOVE = YES;
				CLANG_WARN_UNGUARDED_AVAILABILITY = YES_AGGRESSIVE;
				CLANG_WARN_UNREACHABLE_CODE = YES;
				CLANG_WARN__DUPLICATE_METHOD_MATCH = YES;
				COPY_PHASE_STRIP = NO;
				DEBUG_INFORMATION_FORMAT = dwarf;
				ENABLE_STRICT_OBJC_MSGSEND = YES;
				ENABLE_TESTABILITY = YES;
				GCC_C_LANGUAGE_STANDARD = gnu11;
				GCC_DYNAMIC_NO_PIC = NO;
				GCC_NO_COMMON_BLOCKS = YES;
				GCC_OPTIMIZATION_LEVEL = 0;
				GCC_PREPROCESSOR_DEFINITIONS = (
					"DEBUG=1",
					"$(inherited)",
				);
				GCC_WARN_64_TO_32_BIT_CONVERSION = YES;
				GCC_WARN_ABOUT_RETURN_TYPE = YES_ERROR;
				GCC_WARN_UNDECLARED_SELECTOR = YES;
				GCC_WARN_UNINITIALIZED_AUTOS = YES_AGGRESSIVE;
				GCC_WARN_UNUSED_FUNCTION = YES;
				GCC_WARN_UNUSED_VARIABLE = YES;
				IPHONEOS_DEPLOYMENT_TARGET = 14.3;
				MTL_ENABLE_DEBUG_INFO = INCLUDE_SOURCE;
				MTL_FAST_MATH = YES;
				ONLY_ACTIVE_ARCH = YES;
				SDKROOT = iphoneos;
				SWIFT_ACTIVE_COMPILATION_CONDITIONS = DEBUG;
				SWIFT_OPTIMIZATION_LEVEL = "-Onone";
			};
			name = Debug;
		};
		1B40433A25C6BD1600466829 /* Release */ = {
			isa = XCBuildConfiguration;
			buildSettings = {
				ALWAYS_SEARCH_USER_PATHS = NO;
				CLANG_ANALYZER_NONNULL = YES;
				CLANG_ANALYZER_NUMBER_OBJECT_CONVERSION = YES_AGGRESSIVE;
				CLANG_CXX_LANGUAGE_STANDARD = "gnu++14";
				CLANG_CXX_LIBRARY = "libc++";
				CLANG_ENABLE_MODULES = YES;
				CLANG_ENABLE_OBJC_ARC = YES;
				CLANG_ENABLE_OBJC_WEAK = YES;
				CLANG_WARN_BLOCK_CAPTURE_AUTORELEASING = YES;
				CLANG_WARN_BOOL_CONVERSION = YES;
				CLANG_WARN_COMMA = YES;
				CLANG_WARN_CONSTANT_CONVERSION = YES;
				CLANG_WARN_DEPRECATED_OBJC_IMPLEMENTATIONS = YES;
				CLANG_WARN_DIRECT_OBJC_ISA_USAGE = YES_ERROR;
				CLANG_WARN_DOCUMENTATION_COMMENTS = YES;
				CLANG_WARN_EMPTY_BODY = YES;
				CLANG_WARN_ENUM_CONVERSION = YES;
				CLANG_WARN_INFINITE_RECURSION = YES;
				CLANG_WARN_INT_CONVERSION = YES;
				CLANG_WARN_NON_LITERAL_NULL_CONVERSION = YES;
				CLANG_WARN_OBJC_IMPLICIT_RETAIN_SELF = YES;
				CLANG_WARN_OBJC_LITERAL_CONVERSION = YES;
				CLANG_WARN_OBJC_ROOT_CLASS = YES_ERROR;
				CLANG_WARN_QUOTED_INCLUDE_IN_FRAMEWORK_HEADER = YES;
				CLANG_WARN_RANGE_LOOP_ANALYSIS = YES;
				CLANG_WARN_STRICT_PROTOTYPES = YES;
				CLANG_WARN_SUSPICIOUS_MOVE = YES;
				CLANG_WARN_UNGUARDED_AVAILABILITY = YES_AGGRESSIVE;
				CLANG_WARN_UNREACHABLE_CODE = YES;
				CLANG_WARN__DUPLICATE_METHOD_MATCH = YES;
				COPY_PHASE_STRIP = NO;
				DEBUG_INFORMATION_FORMAT = "dwarf-with-dsym";
				ENABLE_NS_ASSERTIONS = NO;
				ENABLE_STRICT_OBJC_MSGSEND = YES;
				GCC_C_LANGUAGE_STANDARD = gnu11;
				GCC_NO_COMMON_BLOCKS = YES;
				GCC_WARN_64_TO_32_BIT_CONVERSION = YES;
				GCC_WARN_ABOUT_RETURN_TYPE = YES_ERROR;
				GCC_WARN_UNDECLARED_SELECTOR = YES;
				GCC_WARN_UNINITIALIZED_AUTOS = YES_AGGRESSIVE;
				GCC_WARN_UNUSED_FUNCTION = YES;
				GCC_WARN_UNUSED_VARIABLE = YES;
				IPHONEOS_DEPLOYMENT_TARGET = 14.3;
				MTL_ENABLE_DEBUG_INFO = NO;
				MTL_FAST_MATH = YES;
				SDKROOT = iphoneos;
				SWIFT_COMPILATION_MODE = wholemodule;
				SWIFT_OPTIMIZATION_LEVEL = "-O";
				VALIDATE_PRODUCT = YES;
			};
			name = Release;
		};
		1B40433C25C6BD1600466829 /* Debug */ = {
			isa = XCBuildConfiguration;
			buildSettings = {
				ASSETCATALOG_COMPILER_APPICON_NAME = AppIcon;
				ASSETCATALOG_COMPILER_GLOBAL_ACCENT_COLOR_NAME = AccentColor;
				CODE_SIGN_STYLE = Automatic;
				DEVELOPMENT_ASSET_PATHS = "\"Youtube Clone/Preview Content\"";
				DEVELOPMENT_TEAM = VXEUQDR462;
				ENABLE_PREVIEWS = YES;
				INFOPLIST_FILE = "Youtube Clone/Info.plist";
				IPHONEOS_DEPLOYMENT_TARGET = 14.0;
				LD_RUNPATH_SEARCH_PATHS = (
					"$(inherited)",
					"@executable_path/Frameworks",
				);
				PRODUCT_BUNDLE_IDENTIFIER = "jinkyumpark.Youtube-Clone";
				PRODUCT_NAME = "$(TARGET_NAME)";
				SWIFT_VERSION = 5.0;
				TARGETED_DEVICE_FAMILY = "1,2";
			};
			name = Debug;
		};
		1B40433D25C6BD1600466829 /* Release */ = {
			isa = XCBuildConfiguration;
			buildSettings = {
				ASSETCATALOG_COMPILER_APPICON_NAME = AppIcon;
				ASSETCATALOG_COMPILER_GLOBAL_ACCENT_COLOR_NAME = AccentColor;
				CODE_SIGN_STYLE = Automatic;
				DEVELOPMENT_ASSET_PATHS = "\"Youtube Clone/Preview Content\"";
				DEVELOPMENT_TEAM = VXEUQDR462;
				ENABLE_PREVIEWS = YES;
				INFOPLIST_FILE = "Youtube Clone/Info.plist";
				IPHONEOS_DEPLOYMENT_TARGET = 14.0;
				LD_RUNPATH_SEARCH_PATHS = (
					"$(inherited)",
					"@executable_path/Frameworks",
				);
				PRODUCT_BUNDLE_IDENTIFIER = "jinkyumpark.Youtube-Clone";
				PRODUCT_NAME = "$(TARGET_NAME)";
				SWIFT_VERSION = 5.0;
				TARGETED_DEVICE_FAMILY = "1,2";
			};
			name = Release;
		};
		1B40433F25C6BD1600466829 /* Debug */ = {
			isa = XCBuildConfiguration;
			buildSettings = {
				ALWAYS_EMBED_SWIFT_STANDARD_LIBRARIES = YES;
				BUNDLE_LOADER = "$(TEST_HOST)";
				CODE_SIGN_STYLE = Automatic;
				DEVELOPMENT_TEAM = VXEUQDR462;
				INFOPLIST_FILE = "Youtube CloneTests/Info.plist";
				IPHONEOS_DEPLOYMENT_TARGET = 14.0;
				LD_RUNPATH_SEARCH_PATHS = (
					"$(inherited)",
					"@executable_path/Frameworks",
					"@loader_path/Frameworks",
				);
				PRODUCT_BUNDLE_IDENTIFIER = "jinkyumpark.Youtube-CloneTests";
				PRODUCT_NAME = "$(TARGET_NAME)";
				SWIFT_VERSION = 5.0;
				TARGETED_DEVICE_FAMILY = "1,2";
				TEST_HOST = "$(BUILT_PRODUCTS_DIR)/Youtube Clone.app/Youtube Clone";
			};
			name = Debug;
		};
		1B40434025C6BD1600466829 /* Release */ = {
			isa = XCBuildConfiguration;
			buildSettings = {
				ALWAYS_EMBED_SWIFT_STANDARD_LIBRARIES = YES;
				BUNDLE_LOADER = "$(TEST_HOST)";
				CODE_SIGN_STYLE = Automatic;
				DEVELOPMENT_TEAM = VXEUQDR462;
				INFOPLIST_FILE = "Youtube CloneTests/Info.plist";
				IPHONEOS_DEPLOYMENT_TARGET = 14.0;
				LD_RUNPATH_SEARCH_PATHS = (
					"$(inherited)",
					"@executable_path/Frameworks",
					"@loader_path/Frameworks",
				);
				PRODUCT_BUNDLE_IDENTIFIER = "jinkyumpark.Youtube-CloneTests";
				PRODUCT_NAME = "$(TARGET_NAME)";
				SWIFT_VERSION = 5.0;
				TARGETED_DEVICE_FAMILY = "1,2";
				TEST_HOST = "$(BUILT_PRODUCTS_DIR)/Youtube Clone.app/Youtube Clone";
			};
			name = Release;
		};
		1B40434225C6BD1600466829 /* Debug */ = {
			isa = XCBuildConfiguration;
			buildSettings = {
				ALWAYS_EMBED_SWIFT_STANDARD_LIBRARIES = YES;
				CODE_SIGN_STYLE = Automatic;
				DEVELOPMENT_TEAM = VXEUQDR462;
				INFOPLIST_FILE = "Youtube CloneUITests/Info.plist";
				LD_RUNPATH_SEARCH_PATHS = (
					"$(inherited)",
					"@executable_path/Frameworks",
					"@loader_path/Frameworks",
				);
				PRODUCT_BUNDLE_IDENTIFIER = "jinkyumpark.Youtube-CloneUITests";
				PRODUCT_NAME = "$(TARGET_NAME)";
				SWIFT_VERSION = 5.0;
				TARGETED_DEVICE_FAMILY = "1,2";
				TEST_TARGET_NAME = "Youtube Clone";
			};
			name = Debug;
		};
		1B40434325C6BD1600466829 /* Release */ = {
			isa = XCBuildConfiguration;
			buildSettings = {
				ALWAYS_EMBED_SWIFT_STANDARD_LIBRARIES = YES;
				CODE_SIGN_STYLE = Automatic;
				DEVELOPMENT_TEAM = VXEUQDR462;
				INFOPLIST_FILE = "Youtube CloneUITests/Info.plist";
				LD_RUNPATH_SEARCH_PATHS = (
					"$(inherited)",
					"@executable_path/Frameworks",
					"@loader_path/Frameworks",
				);
				PRODUCT_BUNDLE_IDENTIFIER = "jinkyumpark.Youtube-CloneUITests";
				PRODUCT_NAME = "$(TARGET_NAME)";
				SWIFT_VERSION = 5.0;
				TARGETED_DEVICE_FAMILY = "1,2";
				TEST_TARGET_NAME = "Youtube Clone";
			};
			name = Release;
		};
/* End XCBuildConfiguration section */

/* Begin XCConfigurationList section */
		1B40431125C6BD1300466829 /* Build configuration list for PBXProject "Youtube Clone" */ = {
			isa = XCConfigurationList;
			buildConfigurations = (
				1B40433925C6BD1600466829 /* Debug */,
				1B40433A25C6BD1600466829 /* Release */,
			);
			defaultConfigurationIsVisible = 0;
			defaultConfigurationName = Release;
		};
		1B40433B25C6BD1600466829 /* Build configuration list for PBXNativeTarget "Youtube Clone" */ = {
			isa = XCConfigurationList;
			buildConfigurations = (
				1B40433C25C6BD1600466829 /* Debug */,
				1B40433D25C6BD1600466829 /* Release */,
			);
			defaultConfigurationIsVisible = 0;
			defaultConfigurationName = Release;
		};
		1B40433E25C6BD1600466829 /* Build configuration list for PBXNativeTarget "Youtube CloneTests" */ = {
			isa = XCConfigurationList;
			buildConfigurations = (
				1B40433F25C6BD1600466829 /* Debug */,
				1B40434025C6BD1600466829 /* Release */,
			);
			defaultConfigurationIsVisible = 0;
			defaultConfigurationName = Release;
		};
		1B40434125C6BD1600466829 /* Build configuration list for PBXNativeTarget "Youtube CloneUITests" */ = {
			isa = XCConfigurationList;
			buildConfigurations = (
				1B40434225C6BD1600466829 /* Debug */,
				1B40434325C6BD1600466829 /* Release */,
			);
			defaultConfigurationIsVisible = 0;
			defaultConfigurationName = Release;
		};
/* End XCConfigurationList section */
	};
	rootObject = 1B40430E25C6BD1300466829 /* Project object */;
}
